{
    "_meta": {
        "hash": {
            "sha256": "c09a61c9e687be60cef2f501defc43c921d67d9ee56cc9629fd179b9d6ddc6d5"
        },
        "pipfile-spec": 6,
        "requires": {
            "python_version": "3.7"
        },
        "sources": [
            {
                "name": "pypi",
                "url": "https://pypi.org/simple",
                "verify_ssl": true
            }
        ]
    },
    "default": {
        "amqp": {
            "hashes": [
                "sha256:19a917e260178b8d410122712bac69cb3e6db010d68f6101e7307508aded5e68",
                "sha256:19d851b879a471fcfdcf01df9936cff924f422baa77653289f7095dedd5fb26a"
            ],
            "version": "==2.5.1"
        },
        "billiard": {
            "hashes": [
                "sha256:01afcb4e7c4fd6480940cfbd4d9edc19d7a7509d6ada533984d0d0f49901ec82",
                "sha256:b8809c74f648dfe69b973c8e660bcec00603758c9db8ba89d7719f88d5f01f26"
            ],
            "version": "==3.6.1.0"
        },
        "celery": {
            "hashes": [
                "sha256:4c4532aa683f170f40bd76f928b70bc06ff171a959e06e71bf35f2f9d6031ef9",
                "sha256:528e56767ae7e43a16cfef24ee1062491f5754368d38fcfffa861cdb9ef219be"
            ],
            "index": "pypi",
            "version": "==4.3.0"
        },
        "certifi": {
            "hashes": [
                "sha256:e4f3620cfea4f83eedc95b24abd9cd56f3c4b146dd0177e83a21b4eb49e21e50",
                "sha256:fd7c7c74727ddcf00e9acd26bba8da604ffec95bf1c2144e67aff7a8b50e6cef"
            ],
            "version": "==2019.9.11"
        },
        "chardet": {
            "hashes": [
                "sha256:84ab92ed1c4d4f16916e05906b6b75a6c0fb5db821cc65e70cbd64a3e2a5eaae",
                "sha256:fc323ffcaeaed0e0a02bf4d117757b98aed530d9ed4531e3e15460124c106691"
            ],
            "version": "==3.0.4"
        },
        "django": {
            "hashes": [
                "sha256:4025317ca01f75fc79250ff7262a06d8ba97cd4f82e93394b2a0a6a4a925caeb",
                "sha256:a8ca1033acac9f33995eb2209a6bf18a4681c3e5269a878e9a7e0b7384ed1ca3"
            ],
            "index": "pypi",
            "version": "==2.2.6"
        },
        "django-crispy-forms": {
            "hashes": [
                "sha256:5952bab971110d0b86c278132dae0aa095beee8f723e625c3d3fa28888f1675f",
                "sha256:705ededc554ad8736157c666681165fe22ead2dec0d5446d65fc9dd976a5a876"
            ],
            "index": "pypi",
            "version": "==1.7.2"
        },
        "django-rest-framework": {
            "hashes": [
                "sha256:47a8f496fa69e3b6bd79f68dd7a1527d907d6b77f009e9db7cf9bb21cc565e4a"
            ],
            "index": "pypi",
            "version": "==0.1.0"
        },
        "djangorestframework": {
            "hashes": [
                "sha256:5488aed8f8df5ec1d70f04b2114abc52ae6729748a176c453313834a9ee179c8",
                "sha256:dc81cbf9775c6898a580f6f1f387c4777d12bd87abf0f5406018d32ccae71090"
            ],
            "version": "==3.10.3"
        },
        "idna": {
            "hashes": [
                "sha256:c357b3f628cf53ae2c4c05627ecc484553142ca23264e593d327bcde5e9c3407",
                "sha256:ea8b7f6188e6fa117537c3df7da9fc686d485087abf6ac197f9c46432f7e4a3c"
            ],
            "version": "==2.8"
        },
        "importlib-metadata": {
            "hashes": [
                "sha256:aa18d7378b00b40847790e7c27e11673d7fed219354109d0e7b9e5b25dc3ad26",
                "sha256:d5f18a79777f3aa179c145737780282e27b508fc8fd688cb17c7a813e8bd39af"
            ],
            "version": "==0.23"
        },
        "kombu": {
            "hashes": [
                "sha256:31edb84947996fdda065b6560c128d5673bb913ff34aa19e7b84755217a24deb",
                "sha256:c9078124ce2616b29cf6607f0ac3db894c59154252dee6392cdbbe15e5c4b566"
            ],
            "version": "==4.6.5"
        },
        "markdown": {
            "hashes": [
                "sha256:2e50876bcdd74517e7b71f3e7a76102050edec255b3983403f1a63e7c8a41e7a",
                "sha256:56a46ac655704b91e5b7e6326ce43d5ef72411376588afa1dd90e881b83c7e8c"
            ],
            "index": "pypi",
            "version": "==3.1.1"
        },
        "more-itertools": {
            "hashes": [
                "sha256:409cd48d4db7052af495b09dec721011634af3753ae1ef92d2b32f73a745f832",
                "sha256:92b8c4b06dac4f0611c0729b2f2ede52b2e1bac1ab48f089c7ddc12e26bb60c4"
            ],
            "version": "==7.2.0"
        },
        "pillow": {
            "hashes": [
                "sha256:00fdeb23820f30e43bba78eb9abb00b7a937a655de7760b2e09101d63708b64e",
                "sha256:01f948e8220c85eae1aa1a7f8edddcec193918f933fb07aaebe0bfbbcffefbf1",
                "sha256:08abf39948d4b5017a137be58f1a52b7101700431f0777bec3d897c3949f74e6",
                "sha256:099a61618b145ecb50c6f279666bbc398e189b8bc97544ae32b8fcb49ad6b830",
                "sha256:2c1c61546e73de62747e65807d2cc4980c395d4c5600ecb1f47a650c6fa78c79",
                "sha256:2ed9c4f694861642401f27dc3cb99772be67cd190e84845c749dae0a06c3bfae",
                "sha256:338581b30b908e111be578f0297255f6b57a51358cd16fa0e6f664c9a1f88bff",
                "sha256:38c7d48a21cd06fdeee93987147b9b1c55b73b4cfcbf83240568bfbd5adee447",
                "sha256:43fd026f613c8e48a25eba1a92f4d2ad7f3903c95d8c33a11611a7717d2ab654",
                "sha256:4548236844327a718ce3bb182ab32a16fa2050c61e334e959f554cac052fb0df",
                "sha256:5090857876c58885cfa388dc649e5db30aae98a068c26f3fd0ac9d7d9a4d9572",
                "sha256:5bbba34f97a26a93f5e8dec469ca4ddd712451418add43da946dbaed7f7a98d2",
                "sha256:65a28969a025a0eb4594637b6103201dc4ed2a9508bdab56ac33e43e3081c404",
                "sha256:892bb52b70bd5ea9dbbc3ac44f38e84f5a04e9d8b1bff48159d96cb795b81159",
                "sha256:8a9becd5cbd5062f973bcd2e7bc79483af310222de112b6541f8af1f93a3cc42",
                "sha256:972a7aaeb7c4a2795b52eef52ee991ef040b31009f36deca6207a986607b55f3",
                "sha256:97b119c436bfa96a92ac2ca525f7025836d4d4e64b1c9f9eff8dbaf3ff1d86f3",
                "sha256:9ba37698e242223f8053cc158f130aee046a96feacbeab65893dbe94f5530118",
                "sha256:b1b0e1f626a0f079c0d3696db70132fb1f29aa87c66aecb6501a9b8be64ce9f7",
                "sha256:c14c1224fd1a5be2733530d648a316974dbbb3c946913562c6005a76f21ca042",
                "sha256:c79a8546c48ae6465189e54e3245a97ddf21161e33ff7eaa42787353417bb2b6",
                "sha256:ceb76935ac4ebdf6d7bc845482a4450b284c6ccfb281e34da51d510658ab34d8",
                "sha256:e22bffaad04b4d16e1c091baed7f2733fc1ebb91e0c602abf1b6834d17158b1f",
                "sha256:ec883b8e44d877bda6f94a36313a1c6063f8b1997aa091628ae2f34c7f97c8d5",
                "sha256:f1baa54d50ec031d1a9beb89974108f8f2c0706f49798f4777df879df0e1adb6",
                "sha256:f53a5385932cda1e2c862d89460992911a89768c65d176ff8c50cddca4d29bed"
            ],
            "index": "pypi",
            "version": "==6.2.0"
        },
        "pytz": {
            "hashes": [
                "sha256:1c557d7d0e871de1f5ccd5833f60fb2550652da6be2693c1e02300743d21500d",
                "sha256:b02c06db6cf09c12dd25137e563b31700d3b80fcc4ad23abb7a315f2789819be"
            ],
            "version": "==2019.3"
        },
        "redis": {
            "hashes": [
                "sha256:a657a62ca12d20deb700c3c00b4923bc29893740f2c072e7b1b669777401295d",
                "sha256:bf027fdd92aead8e49ab9d29e72498eef6ca7a38a15b2f88c5d9146145e93049"
            ],
            "index": "pypi",
            "version": "==3.3.10"
        },
        "requests": {
            "hashes": [
                "sha256:11e007a8a2aa0323f5a921e9e6a2d7e4e67d9877e85773fba9ba6419025cbeb4",
                "sha256:9cf5292fcd0f598c671cfc1e0d7d1a7f13bb8085e9a590f48c010551dc6c4b31"
            ],
            "index": "pypi",
            "version": "==2.22.0"
        },
        "sqlparse": {
            "hashes": [
                "sha256:40afe6b8d4b1117e7dff5504d7a8ce07d9a1b15aeeade8a2d10f130a834f8177",
                "sha256:7c3dca29c022744e95b547e867cee89f4fce4373f3549ccd8797d8eb52cdb873"
            ],
            "version": "==0.3.0"
        },
        "urllib3": {
            "hashes": [
                "sha256:3de946ffbed6e6746608990594d08faac602528ac7015ac28d33cee6a45b7398",
                "sha256:9a107b99a5393caf59c7aa3c1249c16e6879447533d0887f4336dde834c7be86"
            ],
            "version": "==1.25.6"
        },
        "vine": {
            "hashes": [
                "sha256:133ee6d7a9016f177ddeaf191c1f58421a1dcc6ee9a42c58b34bed40e1d2cd87",
                "sha256:ea4947cc56d1fd6f2095c8d543ee25dad966f78692528e68b4fada11ba3f98af"
            ],
            "version": "==1.3.0"
        },
        "zipp": {
            "hashes": [
                "sha256:3718b1cbcd963c7d4c5511a8240812904164b7f381b647143a89d3b98f9bcd8e",
                "sha256:f06903e9f1f43b12d371004b4ac7b06ab39a44adc747266928ae6debfa7b3335"
            ],
            "version": "==0.6.0"
        }
    },
    "develop": {
        "autopep8": {
            "hashes": [
                "sha256:4d8eec30cc81bc5617dbf1218201d770dc35629363547f17577c61683ccfb3ee"
            ],
            "index": "pypi",
            "version": "==1.4.4"
        },
        "pycodestyle": {
            "hashes": [
                "sha256:95a2219d12372f05704562a14ec30bc76b05a5b297b21a5dfe3f6fac3491ae56",
                "sha256:e40a936c9a450ad81df37f549d676d127b1b66000a6c500caa2b085bc0ca976c"
            ],
            "index": "pypi",
            "version": "==2.5.0"
        }
    }
}
